
Microsoft Visual Studio Solution File, Format Version 12.00
# Visual Studio Version 17
VisualStudioVersion = 17.9.34728.123
MinimumVisualStudioVersion = 10.0.40219.1
Project("{FAE04EC0-301F-11D3-BF4B-00C04F79EFBC}") = "MontyHallAPI", "MontyHallAPI\MontyHallAPI.csproj", "{5A495647-23D7-49EE-A01E-96471C9C5560}"
EndProject
Global
	GlobalSection(SolutionConfigurationPlatforms) = preSolution
		Debug|Any CPU = Debug|Any CPU
		Release|Any CPU = Release|Any CPU
	EndGlobalSection
	GlobalSection(ProjectConfigurationPlatforms) = postSolution
		{5A495647-23D7-49EE-A01E-96471C9C5560}.Debug|Any CPU.ActiveCfg = Debug|Any CPU
		{5A495647-23D7-49EE-A01E-96471C9C5560}.Debug|Any CPU.Build.0 = Debug|Any CPU
		{5A495647-23D7-49EE-A01E-96471C9C5560}.Release|Any CPU.ActiveCfg = Release|Any CPU
		{5A495647-23D7-49EE-A01E-96471C9C5560}.Release|Any CPU.Build.0 = Release|Any CPU
	EndGlobalSection
	GlobalSection(SolutionProperties) = preSolution
		HideSolutionNode = FALSE
	EndGlobalSection
	GlobalSection(ExtensibilityGlobals) = postSolution
		SolutionGuid = {E7B24493-35CF-457A-9DAC-2305A2B2199A}
	EndGlobalSection
EndGlobal
